// !$*UTF8*$!
{
	archiveVersion = 1;
	classes = {
	};
	objectVersion = 46;
	objects = {

/* Begin PBXBuildFile section */
		7A0B85511BC1EE8E002069DB /* main.m in Sources */ = {isa = PBXBuildFile; fileRef = 7A0B85501BC1EE8E002069DB /* main.m */; };
		7A0B85541BC1EE8E002069DB /* AppDelegate.m in Sources */ = {isa = PBXBuildFile; fileRef = 7A0B85531BC1EE8E002069DB /* AppDelegate.m */; };
		7A0B85571BC1EE8E002069DB /* ViewController.m in Sources */ = {isa = PBXBuildFile; fileRef = 7A0B85561BC1EE8E002069DB /* ViewController.m */; };
		7A0B855A1BC1EE8E002069DB /* Main.storyboard in Resources */ = {isa = PBXBuildFile; fileRef = 7A0B85581BC1EE8E002069DB /* Main.storyboard */; };
		7A0B855C1BC1EE8E002069DB /* Assets.xcassets in Resources */ = {isa = PBXBuildFile; fileRef = 7A0B855B1BC1EE8E002069DB /* Assets.xcassets */; };
		7A0B855F1BC1EE8E002069DB /* LaunchScreen.storyboard in Resources */ = {isa = PBXBuildFile; fileRef = 7A0B855D1BC1EE8E002069DB /* LaunchScreen.storyboard */; };
/* End PBXBuildFile section */

/* Begin PBXFileReference section */
		7A0B854C1BC1EE8E002069DB /* tipCalculator.app */ = {isa = PBXFileReference; explicitFileType = wrapper.application; includeInIndex = 0; path = tipCalculator.app; sourceTree = BUILT_PRODUCTS_DIR; };
		7A0B85501BC1EE8E002069DB /* main.m */ = {isa = PBXFileReference; lastKnownFileType = sourcecode.c.objc; path = main.m; sourceTree = "<group>"; };
		7A0B85521BC1EE8E002069DB /* AppDelegate.h */ = {isa = PBXFileReference; lastKnownFileType = sourcecode.c.h; path = AppDelegate.h; sourceTree = "<group>"; };
		7A0B85531BC1EE8E002069DB /* AppDelegate.m */ = {isa = PBXFileReference; lastKnownFileType = sourcecode.c.objc; path = AppDelegate.m; sourceTree = "<group>"; };
		7A0B85551BC1EE8E002069DB /* ViewController.h */ = {isa = PBXFileReference; lastKnownFileType = sourcecode.c.h; path = ViewController.h; sourceTree = "<group>"; };
		7A0B85561BC1EE8E002069DB /* ViewController.m */ = {isa = PBXFileReference; lastKnownFileType = sourcecode.c.objc; path = ViewController.m; sourceTree = "<group>"; };
		7A0B85591BC1EE8E002069DB /* Base */ = {isa = PBXFileReference; lastKnownFileType = file.storyboard; name = Base; path = Base.lproj/Main.storyboard; sourceTree = "<group>"; };
		7A0B855B1BC1EE8E002069DB /* Assets.xcassets */ = {isa = PBXFileReference; lastKnownFileType = folder.assetcatalog; path = Assets.xcassets; sourceTree = "<group>"; };
		7A0B855E1BC1EE8E002069DB /* Base */ = {isa = PBXFileReference; lastKnownFileType = file.storyboard; name = Base; path = Base.lproj/LaunchScreen.storyboard; sourceTree = "<group>"; };
		7A0B85601BC1EE8E002069DB /* Info.plist */ = {isa = PBXFileReference; lastKnownFileType = text.plist.xml; path = Info.plist; sourceTree = "<group>"; };
/* End PBXFileReference section */

/* Begin PBXFrameworksBuildPhase section */
		7A0B85491BC1EE8E002069DB /* Frameworks */ = {
			isa = PBXFrameworksBuildPhase;
			buildActionMask = 2147483647;
			files = (
			);
			runOnlyForDeploymentPostprocessing = 0;
		};
/* End PBXFrameworksBuildPhase section */

/* Begin PBXGroup section */
		7A0B85431BC1EE8E002069DB = {
			isa = PBXGroup;
			children = (
				7A0B854E1BC1EE8E002069DB /* tipCalculator */,
				7A0B854D1BC1EE8E002069DB /* Products */,
			);
			sourceTree = "<group>";
		};
		7A0B854D1BC1EE8E002069DB /* Products */ = {
			isa = PBXGroup;
			children = (
				7A0B854C1BC1EE8E002069DB /* tipCalculator.app */,
			);
			name = Products;
			sourceTree = "<group>";
		};
		7A0B854E1BC1EE8E002069DB /* tipCalculator */ = {
			isa = PBXGroup;
			children = (
				7A0B85521BC1EE8E002069DB /* AppDelegate.h */,
				7A0B85531BC1EE8E002069DB /* AppDelegate.m */,
				7A0B85551BC1EE8E002069DB /* ViewController.h */,
				7A0B85561BC1EE8E002069DB /* ViewController.m */,
				7A0B85581BC1EE8E002069DB /* Main.storyboard */,
				7A0B855B1BC1EE8E002069DB /* Assets.xcassets */,
				7A0B855D1BC1EE8E002069DB /* LaunchScreen.storyboard */,
				7A0B85601BC1EE8E002069DB /* Info.plist */,
				7A0B854F1BC1EE8E002069DB /* Supporting Files */,
			);
			path = tipCalculator;
			sourceTree = "<group>";
		};
		7A0B854F1BC1EE8E002069DB /* Supporting Files */ = {
			isa = PBXGroup;
			children = (
				7A0B85501BC1EE8E002069DB /* main.m */,
			);
			name = "Supporting Files";
			sourceTree = "<group>";
		};
/* End PBXGroup section */

/* Begin PBXNativeTarget section */
		7A0B854B1BC1EE8E002069DB /* tipCalculator */ = {
			isa = PBXNativeTarget;
			buildConfigurationList = 7A0B85631BC1EE8E002069DB /* Build configuration list for PBXNativeTarget "tipCalculator" */;
			buildPhases = (
				7A0B85481BC1EE8E002069DB /* Sources */,
				7A0B85491BC1EE8E002069DB /* Frameworks */,
				7A0B854A1BC1EE8E002069DB /* Resources */,
			);
			buildRules = (
			);
			dependencies = (
			);
			name = tipCalculator;
			productName = tipCalculator;
			productReference = 7A0B854C1BC1EE8E002069DB /* tipCalculator.app */;
			productType = "com.apple.product-type.application";
		};
/* End PBXNativeTarget section */

/* Begin PBXProject section */
		7A0B85441BC1EE8E002069DB /* Project object */ = {
			isa = PBXProject;
			attributes = {
				LastUpgradeCheck = 0700;
				ORGANIZATIONNAME = "Chris Guzman";
				TargetAttributes = {
					7A0B854B1BC1EE8E002069DB = {
						CreatedOnToolsVersion = 7.0.1;
					};
				};
			};
			buildConfigurationList = 7A0B85471BC1EE8E002069DB /* Build configuration list for PBXProject "tipCalculator" */;
			compatibilityVersion = "Xcode 3.2";
			developmentRegion = English;
			hasScannedForEncodings = 0;
			knownRegions = (
				en,
				Base,
			);
			mainGroup = 7A0B85431BC1EE8E002069DB;
			productRefGroup = 7A0B854D1BC1EE8E002069DB /* Products */;
			projectDirPath = "";
			projectRoot = "";
			targets = (
				7A0B854B1BC1EE8E002069DB /* tipCalculator */,
			);
		};
/* End PBXProject section */

/* Begin PBXResourcesBuildPhase section */
		7A0B854A1BC1EE8E002069DB /* Resources */ = {
			isa = PBXResourcesBuildPhase;
			buildActionMask = 2147483647;
			files = (
				7A0B855F1BC1EE8E002069DB /* LaunchScreen.storyboard in Resources */,
				7A0B855C1BC1EE8E002069DB /* Assets.xcassets in Resources */,
				7A0B855A1BC1EE8E002069DB /* Main.storyboard in Resources */,
			);
			runOnlyForDeploymentPostprocessing = 0;
		};
/* End PBXResourcesBuildPhase section */

/* Begin PBXSourcesBuildPhase section */
		7A0B85481BC1EE8E002069DB /* Sources */ = {
			isa = PBXSourcesBuildPhase;
			buildActionMask = 2147483647;
			files = (
				7A0B85571BC1EE8E002069DB /* ViewController.m in Sources */,
				7A0B85541BC1EE8E002069DB /* AppDelegate.m in Sources */,
				7A0B85511BC1EE8E002069DB /* main.m in Sources */,
			);
			runOnlyForDeploymentPostprocessing = 0;
		};
/* End PBXSourcesBuildPhase section */

/* Begin PBXVariantGroup section */
		7A0B85581BC1EE8E002069DB /* Main.storyboard */ = {
			isa = PBXVariantGroup;
			children = (
				7A0B85591BC1EE8E002069DB /* Base */,
			);
			name = Main.storyboard;
			sourceTree = "<group>";
		};
		7A0B855D1BC1EE8E002069DB /* LaunchScreen.storyboard */ = {
			isa = PBXVariantGroup;
			children = (
				7A0B855E1BC1EE8E002069DB /* Base */,
			);
			name = LaunchScreen.storyboard;
			sourceTree = "<group>";
		};
/* End PBXVariantGroup section */

/* Begin XCBuildConfiguration section */
		7A0B85611BC1EE8E002069DB /* Debug */ = {
			isa = XCBuildConfiguration;
			buildSettings = {
				ALWAYS_SEARCH_USER_PATHS = NO;
				CLANG_CXX_LANGUAGE_STANDARD = "gnu++0x";
				CLANG_CXX_LIBRARY = "libc++";
				CLANG_ENABLE_MODULES = YES;
				CLANG_ENABLE_OBJC_ARC = YES;
				CLANG_WARN_BOOL_CONVERSION = YES;
				CLANG_WARN_CONSTANT_CONVERSION = YES;
				CLANG_WARN_DIRECT_OBJC_ISA_USAGE = YES_ERROR;
				CLANG_WARN_EMPTY_BODY = YES;
				CLANG_WARN_ENUM_CONVERSION = YES;
				CLANG_WARN_INT_CONVERSION = YES;
				CLANG_WARN_OBJC_ROOT_CLASS = YES_ERROR;
				CLANG_WARN_UNREACHABLE_CODE = YES;
				CLANG_WARN__DUPLICATE_METHOD_MATCH = YES;
				"CODE_SIGN_IDENTITY[sdk=iphoneos*]" = "iPhone Developer";
				COPY_PHASE_STRIP = NO;
				DEBUG_INFORMATION_FORMAT = dwarf;
				ENABLE_STRICT_OBJC_MSGSEND = YES;
				ENABLE_TESTABILITY = YES;
				GCC_C_LANGUAGE_STANDARD = gnu99;
				GCC_DYNAMIC_NO_PIC = NO;
				GCC_NO_COMMON_BLOCKS = YES;
				GCC_OPTIMIZATION_LEVEL = 0;
				GCC_PREPROCESSOR_DEFINITIONS = (
					"DEBUG=1",
					"$(inherited)",
				);
				GCC_WARN_64_TO_32_BIT_CONVERSION = YES;
				GCC_WARN_ABOUT_RETURN_TYPE = YES_ERROR;
				GCC_WARN_UNDECLARED_SELECTOR = YES;
				GCC_WARN_UNINITIALIZED_AUTOS = YES_AGGRESSIVE;
				GCC_WARN_UNUSED_FUNCTION = YES;
				GCC_WARN_UNUSED_VARIABLE = YES;
				IPHONEOS_DEPLOYMENT_TARGET = 9.0;
				MTL_ENABLE_DEBUG_INFO = YES;
				ONLY_ACTIVE_ARCH = YES;
				SDKROOT = iphoneos;
				TARGETED_DEVICE_FAMILY = "1,2";
			};
			name = Debug;
		};
		7A0B85621BC1EE8E002069DB /* Release */ = {
			isa = XCBuildConfiguration;
			buildSettings = {
				ALWAYS_SEARCH_USER_PATHS = NO;
				CLANG_CXX_LANGUAGE_STANDARD = "gnu++0x";
				CLANG_CXX_LIBRARY = "libc++";
				CLANG_ENABLE_MODULES = YES;
				CLANG_ENABLE_OBJC_ARC = YES;
				CLANG_WARN_BOOL_CONVERSION = YES;
				CLANG_WARN_CONSTANT_CONVERSION = YES;
				CLANG_WARN_DIRECT_OBJC_ISA_USAGE = YES_ERROR;
				CLANG_WARN_EMPTY_BODY = YES;
				CLANG_WARN_ENUM_CONVERSION = YES;
				CLANG_WARN_INT_CONVERSION = YES;
				CLANG_WARN_OBJC_ROOT_CLASS = YES_ERROR;
				CLANG_WARN_UNREACHABLE_CODE = YES;
				CLANG_WARN__DUPLICATE_METHOD_MATCH = YES;
				"CODE_SIGN_IDENTITY[sdk=iphoneos*]" = "iPhone Developer";
				COPY_PHASE_STRIP = NO;
				DEBUG_INFORMATION_FORMAT = "dwarf-with-dsym";
				ENABLE_NS_ASSERTIONS = NO;
				ENABLE_STRICT_OBJC_MSGSEND = YES;
				GCC_C_LANGUAGE_STANDARD = gnu99;
				GCC_NO_COMMON_BLOCKS = YES;
				GCC_WARN_64_TO_32_BIT_CONVERSION = YES;
				GCC_WARN_ABOUT_RETURN_TYPE = YES_ERROR;
				GCC_WARN_UNDECLARED_SELECTOR = YES;
				GCC_WARN_UNINITIALIZED_AUTOS = YES_AGGRESSIVE;
				GCC_WARN_UNUSED_FUNCTION = YES;
				GCC_WARN_UNUSED_VARIABLE = YES;
				IPHONEOS_DEPLOYMENT_TARGET = 9.0;
				MTL_ENABLE_DEBUG_INFO = NO;
				SDKROOT = iphoneos;
				TARGETED_DEVICE_FAMILY = "1,2";
				VALIDATE_PRODUCT = YES;
			};
			name = Release;
		};
		7A0B85641BC1EE8E002069DB /* Debug */ = {
			isa = XCBuildConfiguration;
			buildSettings = {
				ASSETCATALOG_COMPILER_APPICON_NAME = AppIcon;
				INFOPLIST_FILE = tipCalculator/Info.plist;
				LD_RUNPATH_SEARCH_PATHS = "$(inherited) @executable_path/Frameworks";
				PRODUCT_BUNDLE_IDENTIFIER = "chris-guzman.tipCalculator";
				PRODUCT_NAME = "$(TARGET_NAME)";
			};
			name = Debug;
		};
		7A0B85651BC1EE8E002069DB /* Release */ = {
			isa = XCBuildConfiguration;
			buildSettings = {
				ASSETCATALOG_COMPILER_APPICON_NAME = AppIcon;
				INFOPLIST_FILE = tipCalculator/Info.plist;
				LD_RUNPATH_SEARCH_PATHS = "$(inherited) @executable_path/Frameworks";
				PRODUCT_BUNDLE_IDENTIFIER = "chris-guzman.tipCalculator";
				PRODUCT_NAME = "$(TARGET_NAME)";
			};
			name = Release;
		};
/* End XCBuildConfiguration section */

/* Begin XCConfigurationList section */
		7A0B85471BC1EE8E002069DB /* Build configuration list for PBXProject "tipCalculator" */ = {
			isa = XCConfigurationList;
			buildConfigurations = (
				7A0B85611BC1EE8E002069DB /* Debug */,
				7A0B85621BC1EE8E002069DB /* Release */,
			);
			defaultConfigurationIsVisible = 0;
			defaultConfigurationName = Release;
		};
		7A0B85631BC1EE8E002069DB /* Build configuration list for PBXNativeTarget "tipCalculator" */ = {
			isa = XCConfigurationList;
			buildConfigurations = (
				7A0B85641BC1EE8E002069DB /* Debug */,
				7A0B85651BC1EE8E002069DB /* Release */,
			);
			defaultConfigurationIsVisible = 0;
		};
/* End XCConfigurationList section */
	};
	rootObject = 7A0B85441BC1EE8E002069DB /* Project object */;
}
